
Microsoft Visual Studio Solution File, Format Version 12.00
# Visual Studio Version 16
VisualStudioVersion = 25.0.1705.4
MinimumVisualStudioVersion = 10.0.40219.1
Project("{FAE04EC0-301F-11D3-BF4B-00C04F79EFBC}") = "cefTest", "cefTest\cefTest.csproj", "{1526BD68-C90E-479C-BFA8-FD0DB366976E}"
EndProject
Global
	GlobalSection(SolutionConfigurationPlatforms) = preSolution
		Debug|Any CPU = Debug|Any CPU
		Release|Any CPU = Release|Any CPU
	EndGlobalSection
	GlobalSection(ProjectConfigurationPlatforms) = postSolution
		{1526BD68-C90E-479C-BFA8-FD0DB366976E}.Debug|Any CPU.ActiveCfg = Debug|Any CPU
		{1526BD68-C90E-479C-BFA8-FD0DB366976E}.Debug|Any CPU.Build.0 = Debug|Any CPU
		{1526BD68-C90E-479C-BFA8-FD0DB366976E}.Release|Any CPU.ActiveCfg = Release|Any CPU
		{1526BD68-C90E-479C-BFA8-FD0DB366976E}.Release|Any CPU.Build.0 = Release|Any CPU
	EndGlobalSection
	GlobalSection(SolutionProperties) = preSolution
		HideSolutionNode = FALSE
	EndGlobalSection
	GlobalSection(ExtensibilityGlobals) = postSolution
		SolutionGuid = {AC1F3A9E-6C90-4354-8F8F-A1A96D2569B9}
	EndGlobalSection
EndGlobal
